// !$*UTF8*$!
{
	archiveVersion = 1;
	classes = {
	};
	objectVersion = 48;
	objects = {

/* Begin PBXBuildFile section */
		A60CD2B61F8042FD00843AD3 /* AppDelegate.swift in Sources */ = {isa = PBXBuildFile; fileRef = A60CD2B51F8042FD00843AD3 /* AppDelegate.swift */; };
		A60CD2B81F8042FD00843AD3 /* ViewController.swift in Sources */ = {isa = PBXBuildFile; fileRef = A60CD2B71F8042FD00843AD3 /* ViewController.swift */; };
		A60CD2BB1F8042FD00843AD3 /* Main.storyboard in Resources */ = {isa = PBXBuildFile; fileRef = A60CD2B91F8042FD00843AD3 /* Main.storyboard */; };
		A60CD2BD1F8042FD00843AD3 /* Assets.xcassets in Resources */ = {isa = PBXBuildFile; fileRef = A60CD2BC1F8042FD00843AD3 /* Assets.xcassets */; };
		A60CD2C01F8042FD00843AD3 /* LaunchScreen.storyboard in Resources */ = {isa = PBXBuildFile; fileRef = A60CD2BE1F8042FD00843AD3 /* LaunchScreen.storyboard */; };
/* End PBXBuildFile section */

/* Begin PBXFileReference section */
		A60CD2B21F8042FD00843AD3 /* ARChemLab.app */ = {isa = PBXFileReference; explicitFileType = wrapper.application; includeInIndex = 0; path = ARChemLab.app; sourceTree = BUILT_PRODUCTS_DIR; };
		A60CD2B51F8042FD00843AD3 /* AppDelegate.swift */ = {isa = PBXFileReference; lastKnownFileType = sourcecode.swift; path = AppDelegate.swift; sourceTree = "<group>"; };
		A60CD2B71F8042FD00843AD3 /* ViewController.swift */ = {isa = PBXFileReference; lastKnownFileType = sourcecode.swift; path = ViewController.swift; sourceTree = "<group>"; };
		A60CD2BA1F8042FD00843AD3 /* Base */ = {isa = PBXFileReference; lastKnownFileType = file.storyboard; name = Base; path = Base.lproj/Main.storyboard; sourceTree = "<group>"; };
		A60CD2BC1F8042FD00843AD3 /* Assets.xcassets */ = {isa = PBXFileReference; lastKnownFileType = folder.assetcatalog; path = Assets.xcassets; sourceTree = "<group>"; };
		A60CD2BF1F8042FD00843AD3 /* Base */ = {isa = PBXFileReference; lastKnownFileType = file.storyboard; name = Base; path = Base.lproj/LaunchScreen.storyboard; sourceTree = "<group>"; };
		A60CD2C11F8042FD00843AD3 /* Info.plist */ = {isa = PBXFileReference; lastKnownFileType = text.plist.xml; path = Info.plist; sourceTree = "<group>"; };
/* End PBXFileReference section */

/* Begin PBXFrameworksBuildPhase section */
		A60CD2AF1F8042FD00843AD3 /* Frameworks */ = {
			isa = PBXFrameworksBuildPhase;
			buildActionMask = 2147483647;
			files = (
			);
			runOnlyForDeploymentPostprocessing = 0;
		};
/* End PBXFrameworksBuildPhase section */

/* Begin PBXGroup section */
		A60CD2A91F8042FD00843AD3 = {
			isa = PBXGroup;
			children = (
				A60CD2B41F8042FD00843AD3 /* ARChemLab */,
				A60CD2B31F8042FD00843AD3 /* Products */,
			);
			sourceTree = "<group>";
		};
		A60CD2B31F8042FD00843AD3 /* Products */ = {
			isa = PBXGroup;
			children = (
				A60CD2B21F8042FD00843AD3 /* ARChemLab.app */,
			);
			name = Products;
			sourceTree = "<group>";
		};
		A60CD2B41F8042FD00843AD3 /* ARChemLab */ = {
			isa = PBXGroup;
			children = (
				A60CD2B51F8042FD00843AD3 /* AppDelegate.swift */,
				A60CD2B71F8042FD00843AD3 /* ViewController.swift */,
				A60CD2B91F8042FD00843AD3 /* Main.storyboard */,
				A60CD2BC1F8042FD00843AD3 /* Assets.xcassets */,
				A60CD2BE1F8042FD00843AD3 /* LaunchScreen.storyboard */,
				A60CD2C11F8042FD00843AD3 /* Info.plist */,
			);
			path = ARChemLab;
			sourceTree = "<group>";
		};
/* End PBXGroup section */

/* Begin PBXNativeTarget section */
		A60CD2B11F8042FD00843AD3 /* ARChemLab */ = {
			isa = PBXNativeTarget;
			buildConfigurationList = A60CD2C41F8042FD00843AD3 /* Build configuration list for PBXNativeTarget "ARChemLab" */;
			buildPhases = (
				A60CD2AE1F8042FD00843AD3 /* Sources */,
				A60CD2AF1F8042FD00843AD3 /* Frameworks */,
				A60CD2B01F8042FD00843AD3 /* Resources */,
			);
			buildRules = (
			);
			dependencies = (
			);
			name = ARChemLab;
			productName = ARChemLab;
			productReference = A60CD2B21F8042FD00843AD3 /* ARChemLab.app */;
			productType = "com.apple.product-type.application";
		};
/* End PBXNativeTarget section */

/* Begin PBXProject section */
		A60CD2AA1F8042FD00843AD3 /* Project object */ = {
			isa = PBXProject;
			attributes = {
				LastSwiftUpdateCheck = 0900;
				LastUpgradeCheck = 0900;
				ORGANIZATIONNAME = ARTris;
				TargetAttributes = {
					A60CD2B11F8042FD00843AD3 = {
						CreatedOnToolsVersion = 9.0;
						ProvisioningStyle = Automatic;
					};
				};
			};
			buildConfigurationList = A60CD2AD1F8042FD00843AD3 /* Build configuration list for PBXProject "ARChemLab" */;
			compatibilityVersion = "Xcode 8.0";
			developmentRegion = en;
			hasScannedForEncodings = 0;
			knownRegions = (
				en,
				Base,
			);
			mainGroup = A60CD2A91F8042FD00843AD3;
			productRefGroup = A60CD2B31F8042FD00843AD3 /* Products */;
			projectDirPath = "";
			projectRoot = "";
			targets = (
				A60CD2B11F8042FD00843AD3 /* ARChemLab */,
			);
		};
/* End PBXProject section */

/* Begin PBXResourcesBuildPhase section */
		A60CD2B01F8042FD00843AD3 /* Resources */ = {
			isa = PBXResourcesBuildPhase;
			buildActionMask = 2147483647;
			files = (
				A60CD2C01F8042FD00843AD3 /* LaunchScreen.storyboard in Resources */,
				A60CD2BD1F8042FD00843AD3 /* Assets.xcassets in Resources */,
				A60CD2BB1F8042FD00843AD3 /* Main.storyboard in Resources */,
			);
			runOnlyForDeploymentPostprocessing = 0;
		};
/* End PBXResourcesBuildPhase section */

/* Begin PBXSourcesBuildPhase section */
		A60CD2AE1F8042FD00843AD3 /* Sources */ = {
			isa = PBXSourcesBuildPhase;
			buildActionMask = 2147483647;
			files = (
				A60CD2B81F8042FD00843AD3 /* ViewController.swift in Sources */,
				A60CD2B61F8042FD00843AD3 /* AppDelegate.swift in Sources */,
			);
			runOnlyForDeploymentPostprocessing = 0;
		};
/* End PBXSourcesBuildPhase section */

/* Begin PBXVariantGroup section */
		A60CD2B91F8042FD00843AD3 /* Main.storyboard */ = {
			isa = PBXVariantGroup;
			children = (
				A60CD2BA1F8042FD00843AD3 /* Base */,
			);
			name = Main.storyboard;
			sourceTree = "<group>";
		};
		A60CD2BE1F8042FD00843AD3 /* LaunchScreen.storyboard */ = {
			isa = PBXVariantGroup;
			children = (
				A60CD2BF1F8042FD00843AD3 /* Base */,
			);
			name = LaunchScreen.storyboard;
			sourceTree = "<group>";
		};
/* End PBXVariantGroup section */

/* Begin XCBuildConfiguration section */
		A60CD2C21F8042FD00843AD3 /* Debug */ = {
			isa = XCBuildConfiguration;
			buildSettings = {
				ALWAYS_SEARCH_USER_PATHS = NO;
				CLANG_ANALYZER_NONNULL = YES;
				CLANG_ANALYZER_NUMBER_OBJECT_CONVERSION = YES_AGGRESSIVE;
				CLANG_CXX_LANGUAGE_STANDARD = "gnu++14";
				CLANG_CXX_LIBRARY = "libc++";
				CLANG_ENABLE_MODULES = YES;
				CLANG_ENABLE_OBJC_ARC = YES;
				CLANG_WARN_BLOCK_CAPTURE_AUTORELEASING = YES;
				CLANG_WARN_BOOL_CONVERSION = YES;
				CLANG_WARN_COMMA = YES;
				CLANG_WARN_CONSTANT_CONVERSION = YES;
				CLANG_WARN_DIRECT_OBJC_ISA_USAGE = YES_ERROR;
				CLANG_WARN_DOCUMENTATION_COMMENTS = YES;
				CLANG_WARN_EMPTY_BODY = YES;
				CLANG_WARN_ENUM_CONVERSION = YES;
				CLANG_WARN_INFINITE_RECURSION = YES;
				CLANG_WARN_INT_CONVERSION = YES;
				CLANG_WARN_NON_LITERAL_NULL_CONVERSION = YES;
				CLANG_WARN_OBJC_LITERAL_CONVERSION = YES;
				CLANG_WARN_OBJC_ROOT_CLASS = YES_ERROR;
				CLANG_WARN_RANGE_LOOP_ANALYSIS = YES;
				CLANG_WARN_STRICT_PROTOTYPES = YES;
				CLANG_WARN_SUSPICIOUS_MOVE = YES;
				CLANG_WARN_UNGUARDED_AVAILABILITY = YES_AGGRESSIVE;
				CLANG_WARN_UNREACHABLE_CODE = YES;
				CLANG_WARN__DUPLICATE_METHOD_MATCH = YES;
				CODE_SIGN_IDENTITY = "iPhone Developer";
				COPY_PHASE_STRIP = NO;
				DEBUG_INFORMATION_FORMAT = dwarf;
				ENABLE_STRICT_OBJC_MSGSEND = YES;
				ENABLE_TESTABILITY = YES;
				GCC_C_LANGUAGE_STANDARD = gnu11;
				GCC_DYNAMIC_NO_PIC = NO;
				GCC_NO_COMMON_BLOCKS = YES;
				GCC_OPTIMIZATION_LEVEL = 0;
				GCC_PREPROCESSOR_DEFINITIONS = (
					"DEBUG=1",
					"$(inherited)",
				);
				GCC_WARN_64_TO_32_BIT_CONVERSION = YES;
				GCC_WARN_ABOUT_RETURN_TYPE = YES_ERROR;
				GCC_WARN_UNDECLARED_SELECTOR = YES;
				GCC_WARN_UNINITIALIZED_AUTOS = YES_AGGRESSIVE;
				GCC_WARN_UNUSED_FUNCTION = YES;
				GCC_WARN_UNUSED_VARIABLE = YES;
				IPHONEOS_DEPLOYMENT_TARGET = 11.0;
				MTL_ENABLE_DEBUG_INFO = YES;
				ONLY_ACTIVE_ARCH = YES;
				SDKROOT = iphoneos;
				SWIFT_ACTIVE_COMPILATION_CONDITIONS = DEBUG;
				SWIFT_OPTIMIZATION_LEVEL = "-Onone";
			};
			name = Debug;
		};
		A60CD2C31F8042FD00843AD3 /* Release */ = {
			isa = XCBuildConfiguration;
			buildSettings = {
				ALWAYS_SEARCH_USER_PATHS = NO;
				CLANG_ANALYZER_NONNULL = YES;
				CLANG_ANALYZER_NUMBER_OBJECT_CONVERSION = YES_AGGRESSIVE;
				CLANG_CXX_LANGUAGE_STANDARD = "gnu++14";
				CLANG_CXX_LIBRARY = "libc++";
				CLANG_ENABLE_MODULES = YES;
				CLANG_ENABLE_OBJC_ARC = YES;
				CLANG_WARN_BLOCK_CAPTURE_AUTORELEASING = YES;
				CLANG_WARN_BOOL_CONVERSION = YES;
				CLANG_WARN_COMMA = YES;
				CLANG_WARN_CONSTANT_CONVERSION = YES;
				CLANG_WARN_DIRECT_OBJC_ISA_USAGE = YES_ERROR;
				CLANG_WARN_DOCUMENTATION_COMMENTS = YES;
				CLANG_WARN_EMPTY_BODY = YES;
				CLANG_WARN_ENUM_CONVERSION = YES;
				CLANG_WARN_INFINITE_RECURSION = YES;
				CLANG_WARN_INT_CONVERSION = YES;
				CLANG_WARN_NON_LITERAL_NULL_CONVERSION = YES;
				CLANG_WARN_OBJC_LITERAL_CONVERSION = YES;
				CLANG_WARN_OBJC_ROOT_CLASS = YES_ERROR;
				CLANG_WARN_RANGE_LOOP_ANALYSIS = YES;
				CLANG_WARN_STRICT_PROTOTYPES = YES;
				CLANG_WARN_SUSPICIOUS_MOVE = YES;
				CLANG_WARN_UNGUARDED_AVAILABILITY = YES_AGGRESSIVE;
				CLANG_WARN_UNREACHABLE_CODE = YES;
				CLANG_WARN__DUPLICATE_METHOD_MATCH = YES;
				CODE_SIGN_IDENTITY = "iPhone Developer";
				COPY_PHASE_STRIP = NO;
				DEBUG_INFORMATION_FORMAT = "dwarf-with-dsym";
				ENABLE_NS_ASSERTIONS = NO;
				ENABLE_STRICT_OBJC_MSGSEND = YES;
				GCC_C_LANGUAGE_STANDARD = gnu11;
				GCC_NO_COMMON_BLOCKS = YES;
				GCC_WARN_64_TO_32_BIT_CONVERSION = YES;
				GCC_WARN_ABOUT_RETURN_TYPE = YES_ERROR;
				GCC_WARN_UNDECLARED_SELECTOR = YES;
				GCC_WARN_UNINITIALIZED_AUTOS = YES_AGGRESSIVE;
				GCC_WARN_UNUSED_FUNCTION = YES;
				GCC_WARN_UNUSED_VARIABLE = YES;
				IPHONEOS_DEPLOYMENT_TARGET = 11.0;
				MTL_ENABLE_DEBUG_INFO = NO;
				SDKROOT = iphoneos;
				SWIFT_OPTIMIZATION_LEVEL = "-Owholemodule";
				VALIDATE_PRODUCT = YES;
			};
			name = Release;
		};
		A60CD2C51F8042FD00843AD3 /* Debug */ = {
			isa = XCBuildConfiguration;
			buildSettings = {
				ASSETCATALOG_COMPILER_APPICON_NAME = AppIcon;
				CODE_SIGN_STYLE = Automatic;
				INFOPLIST_FILE = ARChemLab/Info.plist;
				LD_RUNPATH_SEARCH_PATHS = "$(inherited) @executable_path/Frameworks";
				PRODUCT_BUNDLE_IDENTIFIER = ca.sfu.ARTris.ARChemLab;
				PRODUCT_NAME = "$(TARGET_NAME)";
				SWIFT_VERSION = 4.0;
				TARGETED_DEVICE_FAMILY = "1,2";
			};
			name = Debug;
		};
		A60CD2C61F8042FD00843AD3 /* Release */ = {
			isa = XCBuildConfiguration;
			buildSettings = {
				ASSETCATALOG_COMPILER_APPICON_NAME = AppIcon;
				CODE_SIGN_STYLE = Automatic;
				INFOPLIST_FILE = ARChemLab/Info.plist;
				LD_RUNPATH_SEARCH_PATHS = "$(inherited) @executable_path/Frameworks";
				PRODUCT_BUNDLE_IDENTIFIER = ca.sfu.ARTris.ARChemLab;
				PRODUCT_NAME = "$(TARGET_NAME)";
				SWIFT_VERSION = 4.0;
				TARGETED_DEVICE_FAMILY = "1,2";
			};
			name = Release;
		};
/* End XCBuildConfiguration section */

/* Begin XCConfigurationList section */
		A60CD2AD1F8042FD00843AD3 /* Build configuration list for PBXProject "ARChemLab" */ = {
			isa = XCConfigurationList;
			buildConfigurations = (
				A60CD2C21F8042FD00843AD3 /* Debug */,
				A60CD2C31F8042FD00843AD3 /* Release */,
			);
			defaultConfigurationIsVisible = 0;
			defaultConfigurationName = Release;
		};
		A60CD2C41F8042FD00843AD3 /* Build configuration list for PBXNativeTarget "ARChemLab" */ = {
			isa = XCConfigurationList;
			buildConfigurations = (
				A60CD2C51F8042FD00843AD3 /* Debug */,
				A60CD2C61F8042FD00843AD3 /* Release */,
			);
			defaultConfigurationIsVisible = 0;
			defaultConfigurationName = Release;
		};
/* End XCConfigurationList section */
	};
	rootObject = A60CD2AA1F8042FD00843AD3 /* Project object */;
}
